
Microsoft Visual Studio Solution File, Format Version 12.00
# Visual Studio 2012
Project("{FAE04EC0-301F-11D3-BF4B-00C04F79EFBC}") = "FlickMeter.Data", "FlickMeter.Data\FlickMeter.Data.csproj", "{22DADCAE-2337-41EA-867D-784511291D51}"
EndProject
Project("{FAE04EC0-301F-11D3-BF4B-00C04F79EFBC}") = "FlickMeter.Web", "FlickMeter.Web\FlickMeter.Web.csproj", "{BD9F3870-12B5-4FDC-9544-2222822FE8E5}"
EndProject
Project("{FAE04EC0-301F-11D3-BF4B-00C04F79EFBC}") = "FlickMeter.Test", "FlickMeter.Test\FlickMeter.Test.csproj", "{5B4DFBB9-C68B-4CB1-B522-7839F6A96800}"
EndProject
Project("{FAE04EC0-301F-11D3-BF4B-00C04F79EFBC}") = "FlickMeter.Infrastructure", "FlickMeter.Infrastructure\FlickMeter.Infrastructure.csproj", "{91F2D02E-7DE8-41F8-87D7-E5C065185E16}"
EndProject
Global
	GlobalSection(SolutionConfigurationPlatforms) = preSolution
		Debug|Any CPU = Debug|Any CPU
		Release|Any CPU = Release|Any CPU
	EndGlobalSection
	GlobalSection(ProjectConfigurationPlatforms) = postSolution
		{22DADCAE-2337-41EA-867D-784511291D51}.Debug|Any CPU.ActiveCfg = Debug|Any CPU
		{22DADCAE-2337-41EA-867D-784511291D51}.Debug|Any CPU.Build.0 = Debug|Any CPU
		{22DADCAE-2337-41EA-867D-784511291D51}.Release|Any CPU.ActiveCfg = Release|Any CPU
		{22DADCAE-2337-41EA-867D-784511291D51}.Release|Any CPU.Build.0 = Release|Any CPU
		{BD9F3870-12B5-4FDC-9544-2222822FE8E5}.Debug|Any CPU.ActiveCfg = Debug|Any CPU
		{BD9F3870-12B5-4FDC-9544-2222822FE8E5}.Debug|Any CPU.Build.0 = Debug|Any CPU
		{BD9F3870-12B5-4FDC-9544-2222822FE8E5}.Release|Any CPU.ActiveCfg = Release|Any CPU
		{BD9F3870-12B5-4FDC-9544-2222822FE8E5}.Release|Any CPU.Build.0 = Release|Any CPU
		{5B4DFBB9-C68B-4CB1-B522-7839F6A96800}.Debug|Any CPU.ActiveCfg = Debug|Any CPU
		{5B4DFBB9-C68B-4CB1-B522-7839F6A96800}.Debug|Any CPU.Build.0 = Debug|Any CPU
		{5B4DFBB9-C68B-4CB1-B522-7839F6A96800}.Release|Any CPU.ActiveCfg = Release|Any CPU
		{5B4DFBB9-C68B-4CB1-B522-7839F6A96800}.Release|Any CPU.Build.0 = Release|Any CPU
		{91F2D02E-7DE8-41F8-87D7-E5C065185E16}.Debug|Any CPU.ActiveCfg = Debug|Any CPU
		{91F2D02E-7DE8-41F8-87D7-E5C065185E16}.Debug|Any CPU.Build.0 = Debug|Any CPU
		{91F2D02E-7DE8-41F8-87D7-E5C065185E16}.Release|Any CPU.ActiveCfg = Release|Any CPU
		{91F2D02E-7DE8-41F8-87D7-E5C065185E16}.Release|Any CPU.Build.0 = Release|Any CPU
	EndGlobalSection
	GlobalSection(SolutionProperties) = preSolution
		HideSolutionNode = FALSE
	EndGlobalSection
EndGlobal
